
Microsoft Visual Studio Solution File, Format Version 12.00
# Visual Studio Version 17
VisualStudioVersion = 17.0.32014.148
MinimumVisualStudioVersion = 10.0.40219.1
Project("{FAE04EC0-301F-11D3-BF4B-00C04F79EFBC}") = "phoneBook", "phoneBook\phoneBook.csproj", "{56F40E0C-96F1-45A7-AC96-0CE260834364}"
EndProject
Global
	GlobalSection(SolutionConfigurationPlatforms) = preSolution
		Debug|Any CPU = Debug|Any CPU
		Release|Any CPU = Release|Any CPU
	EndGlobalSection
	GlobalSection(ProjectConfigurationPlatforms) = postSolution
		{56F40E0C-96F1-45A7-AC96-0CE260834364}.Debug|Any CPU.ActiveCfg = Debug|Any CPU
		{56F40E0C-96F1-45A7-AC96-0CE260834364}.Debug|Any CPU.Build.0 = Debug|Any CPU
		{56F40E0C-96F1-45A7-AC96-0CE260834364}.Release|Any CPU.ActiveCfg = Release|Any CPU
		{56F40E0C-96F1-45A7-AC96-0CE260834364}.Release|Any CPU.Build.0 = Release|Any CPU
	EndGlobalSection
	GlobalSection(SolutionProperties) = preSolution
		HideSolutionNode = FALSE
	EndGlobalSection
	GlobalSection(ExtensibilityGlobals) = postSolution
		SolutionGuid = {D3ADD138-A24D-48A7-9714-32F7508A9836}
	EndGlobalSection
EndGlobal
